
Microsoft Visual Studio Solution File, Format Version 9.00
# Visual Studio 2005
# Clarion 2.1.0.2447
Project("{12B76EC0-1D7B-4FA7-A7D0-C524288B48A1}") = "ALLFILES", "ALLFILES.cwproj", "{59318DD8-5BE7-4D90-A10C-F6B6BD2B4F40}"
EndProject
Project("{2150E333-8FDC-42A3-9474-1A3956D46DE8}") = "Solution Items", "Solution Items", "{{2150E333-8FDC-42A3-9474-1A3956D46DE8}}"
	ProjectSection(SolutionItems) = postProject
		ALLFILES.APP = ALLFILES.APP
		DLLTUTOR.APP = DLLTUTOR.APP
		REPORTS.APP = REPORTS.APP
		TESTSDI.APP = TESTSDI.APP
		UPDATES.APP = UPDATES.APP
	EndProjectSection
EndProject
Project("{12B76EC0-1D7B-4FA7-A7D0-C524288B48A1}") = "DLLTUTOR", "DLLTUTOR.cwproj", "{D74678A5-CAAE-45A2-A59B-F856F5C41109}"
EndProject
Project("{12B76EC0-1D7B-4FA7-A7D0-C524288B48A1}") = "REPORTS", "REPORTS.cwproj", "{D71E0BE5-374E-4B13-9C81-67ECDF19EFD3}"
EndProject
Project("{12B76EC0-1D7B-4FA7-A7D0-C524288B48A1}") = "TESTSDI", "TESTSDI.cwproj", "{AB9E98F0-A313-4A54-968A-5BBA2749392D}"
	ProjectSection(ProjectDependencies) = postProject
		{59318DD8-5BE7-4D90-A10C-F6B6BD2B4F40} = {59318DD8-5BE7-4D90-A10C-F6B6BD2B4F40}
		{D71E0BE5-374E-4B13-9C81-67ECDF19EFD3} = {D71E0BE5-374E-4B13-9C81-67ECDF19EFD3}
		{D74678A5-CAAE-45A2-A59B-F856F5C41109} = {D74678A5-CAAE-45A2-A59B-F856F5C41109}
	EndProjectSection
EndProject
Project("{12B76EC0-1D7B-4FA7-A7D0-C524288B48A1}") = "UPDATES", "UPDATES.cwproj", "{49258BA4-CB5D-4339-935F-8B003C1B3B5A}"
EndProject
Global
	GlobalSection(SolutionConfigurationPlatforms) = preSolution
		Debug|Any CPU = Debug|Any CPU
		Release|Any CPU = Release|Any CPU
	EndGlobalSection
	GlobalSection(ProjectConfigurationPlatforms) = postSolution
		{59318DD8-5BE7-4D90-A10C-F6B6BD2B4F40}.Debug|Any CPU.Build.0 = Debug|Any CPU
		{59318DD8-5BE7-4D90-A10C-F6B6BD2B4F40}.Debug|Any CPU.ActiveCfg = Debug|Any CPU
		{59318DD8-5BE7-4D90-A10C-F6B6BD2B4F40}.Release|Any CPU.Build.0 = Release|Any CPU
		{59318DD8-5BE7-4D90-A10C-F6B6BD2B4F40}.Release|Any CPU.ActiveCfg = Release|Any CPU
		{D74678A5-CAAE-45A2-A59B-F856F5C41109}.Debug|Any CPU.Build.0 = Debug|Any CPU
		{D74678A5-CAAE-45A2-A59B-F856F5C41109}.Debug|Any CPU.ActiveCfg = Debug|Any CPU
		{D74678A5-CAAE-45A2-A59B-F856F5C41109}.Release|Any CPU.Build.0 = Release|Any CPU
		{D74678A5-CAAE-45A2-A59B-F856F5C41109}.Release|Any CPU.ActiveCfg = Release|Any CPU
		{D71E0BE5-374E-4B13-9C81-67ECDF19EFD3}.Debug|Any CPU.Build.0 = Debug|Any CPU
		{D71E0BE5-374E-4B13-9C81-67ECDF19EFD3}.Debug|Any CPU.ActiveCfg = Debug|Any CPU
		{D71E0BE5-374E-4B13-9C81-67ECDF19EFD3}.Release|Any CPU.Build.0 = Release|Any CPU
		{D71E0BE5-374E-4B13-9C81-67ECDF19EFD3}.Release|Any CPU.ActiveCfg = Release|Any CPU
		{AB9E98F0-A313-4A54-968A-5BBA2749392D}.Debug|Any CPU.Build.0 = Debug|Any CPU
		{AB9E98F0-A313-4A54-968A-5BBA2749392D}.Debug|Any CPU.ActiveCfg = Debug|Any CPU
		{AB9E98F0-A313-4A54-968A-5BBA2749392D}.Release|Any CPU.Build.0 = Release|Any CPU
		{AB9E98F0-A313-4A54-968A-5BBA2749392D}.Release|Any CPU.ActiveCfg = Release|Any CPU
		{49258BA4-CB5D-4339-935F-8B003C1B3B5A}.Debug|Any CPU.Build.0 = Debug|Any CPU
		{49258BA4-CB5D-4339-935F-8B003C1B3B5A}.Debug|Any CPU.ActiveCfg = Debug|Any CPU
		{49258BA4-CB5D-4339-935F-8B003C1B3B5A}.Release|Any CPU.Build.0 = Release|Any CPU
		{49258BA4-CB5D-4339-935F-8B003C1B3B5A}.Release|Any CPU.ActiveCfg = Release|Any CPU
	EndGlobalSection
EndGlobal
